# Code generated by scarb DO NOT EDIT.
version = 1

[[package]]
name = "alexandria_ascii"
version = "0.1.0"
source = "git+https://github.com/keep-starknet-strange/alexandria.git?tag=cairo-v2.1.0#47cecb52ccc8837c71d6a463997fdf414dd745ec"
dependencies = [
 "alexandria_data_structures",
]

[[package]]
name = "alexandria_data_structures"
version = "0.1.0"
source = "git+https://github.com/keep-starknet-strange/alexandria.git?tag=cairo-v2.1.0#47cecb52ccc8837c71d6a463997fdf414dd745ec"

[[package]]
name = "cairo_json"
version = "0.1.0"
source = "git+https://github.com/carbonable-labs/cairo-json.git?tag=v0.1.0#590f7517c54d4f776cc30ccd811b9fa41f031eb5"

[[package]]
name = "nicera_svg_poc"
version = "0.1.0"
dependencies = [
 "alexandria_ascii",
 "cairo_json",
 "openzeppelin",
]

[[package]]
name = "openzeppelin"
version = "0.7.0-rc.0"
source = "git+https://github.com/OpenZeppelin/cairo-contracts.git?tag=v0.7.0-rc.0#fbdd7593681a1515dabcbf722fb99c88edf200fe"
