# Code generated by scarb DO NOT EDIT.
version = 1

[[package]]
name = "alexandria_ascii"
version = "0.1.0"
source = "git+https://github.com/keep-starknet-strange/alexandria.git?tag=cairo-v2.1.0#47cecb52ccc8837c71d6a463997fdf414dd745ec"
dependencies = [
 "alexandria_data_structures",
]

[[package]]
name = "alexandria_data_structures"
version = "0.1.0"
source = "git+https://github.com/keep-starknet-strange/alexandria.git?tag=cairo-v2.1.0#47cecb52ccc8837c71d6a463997fdf414dd745ec"

[[package]]
name = "cairo_json"
version = "0.1.0"
source = "git+https://github.com/carbonable-labs/cairo-json.git?tag=v0.1.0#590f7517c54d4f776cc30ccd811b9fa41f031eb5"

[[package]]
name = "nicera_svg_poc"
version = "0.1.0"
dependencies = [
 "alexandria_ascii",
 "cairo_json",
 "openzeppelin",
 "snforge_std",
]

[[package]]
name = "openzeppelin"
version = "0.12.0"
source = "git+https://github.com/OpenZeppelin/cairo-contracts.git?tag=v0.12.0#0697004db74502ce49900edef37331dd03531356"

[[package]]
name = "snforge_std"
version = "0.20.1"
source = "git+https://github.com/foundry-rs/starknet-foundry.git?tag=v0.20.1#fea2db8f2b20148cc15ee34b08de12028eb42942"
